
Microsoft Visual Studio Solution File, Format Version 11.00
# Visual Studio 2010
Project("{8BC9CEB8-8B4A-11D0-8D11-00A0C91BC942}") = "biyesheji", "biyesheji\biyesheji.vcxproj", "{530B0691-A4A7-4080-8A22-F9F6575F33AC}"
EndProject
Project("{8BC9CEB8-8B4A-11D0-8D11-00A0C91BC942}") = "server", "server\server.vcxproj", "{3A372236-A995-4F20-8ADA-E828AC21C3E5}"
EndProject
Global
	GlobalSection(SolutionConfigurationPlatforms) = preSolution
		Debug|Win32 = Debug|Win32
		Release|Win32 = Release|Win32
	EndGlobalSection
	GlobalSection(ProjectConfigurationPlatforms) = postSolution
		{530B0691-A4A7-4080-8A22-F9F6575F33AC}.Debug|Win32.ActiveCfg = Debug|Win32
		{530B0691-A4A7-4080-8A22-F9F6575F33AC}.Debug|Win32.Build.0 = Debug|Win32
		{530B0691-A4A7-4080-8A22-F9F6575F33AC}.Release|Win32.ActiveCfg = Release|Win32
		{530B0691-A4A7-4080-8A22-F9F6575F33AC}.Release|Win32.Build.0 = Release|Win32
		{3A372236-A995-4F20-8ADA-E828AC21C3E5}.Debug|Win32.ActiveCfg = Debug|Win32
		{3A372236-A995-4F20-8ADA-E828AC21C3E5}.Debug|Win32.Build.0 = Debug|Win32
		{3A372236-A995-4F20-8ADA-E828AC21C3E5}.Release|Win32.ActiveCfg = Release|Win32
		{3A372236-A995-4F20-8ADA-E828AC21C3E5}.Release|Win32.Build.0 = Release|Win32
	EndGlobalSection
	GlobalSection(SolutionProperties) = preSolution
		HideSolutionNode = FALSE
	EndGlobalSection
EndGlobal
