<?xml version="1.0" encoding="utf-8"?>
<Project ToolsVersion="4.0" xmlns="http://schemas.microsoft.com/developer/msbuild/2003">
  <ItemGroup>
    <Filter Include="源文件">
      <UniqueIdentifier>{4FC737F1-C7A5-4376-A066-2A32D752A2FF}</UniqueIdentifier>
      <Extensions>cpp;c;cc;cxx;def;odl;idl;hpj;bat;asm;asmx</Extensions>
    </Filter>
    <Filter Include="头文件">
      <UniqueIdentifier>{93995380-89BD-4b04-88EB-625FBE52EBFB}</UniqueIdentifier>
      <Extensions>h;hpp;hxx;hm;inl;inc;xsd</Extensions>
    </Filter>
    <Filter Include="资源文件">
      <UniqueIdentifier>{67DA6AB6-F800-4c08-8B7A-83BB121AAD01}</UniqueIdentifier>
      <Extensions>rc;ico;cur;bmp;dlg;rc2;rct;bin;rgs;gif;jpg;jpeg;jpe;resx;tiff;tif;png;wav;mfcribbon-ms</Extensions>
    </Filter>
  </ItemGroup>
  <ItemGroup>
    <None Include="ReadMe.txt" />
    <None Include="res\biyesheji.rc2">
      <Filter>资源文件</Filter>
    </None>
    <None Include="res\biyesheji.ico">
      <Filter>资源文件</Filter>
    </None>
  </ItemGroup>
  <ItemGroup>
    <ClInclude Include="biyesheji.h">
      <Filter>头文件</Filter>
    </ClInclude>
    <ClInclude Include="ClientDlg.h">
      <Filter>头文件</Filter>
    </ClInclude>
    <ClInclude Include="stdafx.h">
      <Filter>头文件</Filter>
    </ClInclude>
    <ClInclude Include="targetver.h">
      <Filter>头文件</Filter>
    </ClInclude>
    <ClInclude Include="Resource.h">
      <Filter>头文件</Filter>
    </ClInclude>
    <ClInclude Include="SkinWin\XPListCtrl.h">
      <Filter>头文件</Filter>
    </ClInclude>
    <ClInclude Include="SkinWin\SortHeaderCtrl.h">
      <Filter>头文件</Filter>
    </ClInclude>
    <ClInclude Include="SkinWin\skinscrollwnd.h">
      <Filter>头文件</Filter>
    </ClInclude>
    <ClInclude Include="SkinWin\skinscrollbar.h">
      <Filter>头文件</Filter>
    </ClInclude>
    <ClInclude Include="..\Common\inc\threadex.h">
      <Filter>头文件</Filter>
    </ClInclude>
    <ClInclude Include="ListenConnectionThread.h">
      <Filter>头文件</Filter>
    </ClInclude>
    <ClInclude Include="DealCMDThread.h">
      <Filter>头文件</Filter>
    </ClInclude>
    <ClInclude Include="..\Common\inc\NL_QQwry.h">
      <Filter>头文件</Filter>
    </ClInclude>
    <ClInclude Include="ScreenDlg.h">
      <Filter>头文件</Filter>
    </ClInclude>
    <ClInclude Include="SkinWin\PictureWnd.h">
      <Filter>头文件</Filter>
    </ClInclude>
    <ClInclude Include="..\Common\inc\ScreenSnap.h">
      <Filter>头文件</Filter>
    </ClInclude>
    <ClInclude Include="ReceiveScreenThread.h">
      <Filter>头文件</Filter>
    </ClInclude>
  </ItemGroup>
  <ItemGroup>
    <ClCompile Include="biyesheji.cpp">
      <Filter>源文件</Filter>
    </ClCompile>
    <ClCompile Include="ClientDlg.cpp">
      <Filter>源文件</Filter>
    </ClCompile>
    <ClCompile Include="stdafx.cpp">
      <Filter>源文件</Filter>
    </ClCompile>
    <ClCompile Include="SkinWin\XPListCtrl.cpp">
      <Filter>源文件</Filter>
    </ClCompile>
    <ClCompile Include="SkinWin\skinscrollbar.cpp">
      <Filter>源文件</Filter>
    </ClCompile>
    <ClCompile Include="SkinWin\skinscrollwnd.cpp">
      <Filter>源文件</Filter>
    </ClCompile>
    <ClCompile Include="SkinWin\SortHeaderCtrl.cpp">
      <Filter>源文件</Filter>
    </ClCompile>
    <ClCompile Include="..\Common\inc\threadex.cpp">
      <Filter>源文件</Filter>
    </ClCompile>
    <ClCompile Include="ListenConnectionThread.cpp">
      <Filter>源文件</Filter>
    </ClCompile>
    <ClCompile Include="DealCMDThread.cpp">
      <Filter>源文件</Filter>
    </ClCompile>
    <ClCompile Include="..\Common\inc\NL_QQwry.cpp">
      <Filter>源文件</Filter>
    </ClCompile>
    <ClCompile Include="ScreenDlg.cpp">
      <Filter>源文件</Filter>
    </ClCompile>
    <ClCompile Include="SkinWin\PictureWnd.cpp">
      <Filter>源文件</Filter>
    </ClCompile>
    <ClCompile Include="..\Common\inc\ScreenSnap.cpp">
      <Filter>源文件</Filter>
    </ClCompile>
    <ClCompile Include="ReceiveScreenThread.cpp">
      <Filter>源文件</Filter>
    </ClCompile>
  </ItemGroup>
  <ItemGroup>
    <ResourceCompile Include="biyesheji.rc">
      <Filter>资源文件</Filter>
    </ResourceCompile>
  </ItemGroup>
</Project>